
Microsoft Visual Studio Solution File, Format Version 12.00
# Visual Studio Version 17
VisualStudioVersion = 17.4.33213.308
MinimumVisualStudioVersion = 10.0.40219.1
Project("{9A19103F-16F7-4668-BE54-9A1E7A4F7556}") = "BenchmarkFigures.ConsoleApp", "BenchmarkFigures.ConsoleApp\BenchmarkFigures.ConsoleApp.csproj", "{CC1BEFAB-C504-4DC9-AEB3-83AAF2FC40BC}"
EndProject
Project("{9A19103F-16F7-4668-BE54-9A1E7A4F7556}") = "BenchmarkFigures.DomainServices", "BenchmarkFigures.DomainServices\BenchmarkFigures.DomainServices.csproj", "{2D2ADF1D-80C3-4012-973F-72911EAE3032}"
EndProject
Project("{9A19103F-16F7-4668-BE54-9A1E7A4F7556}") = "BenchmarkFigures.Infrastructure", "BenchmarkFigures.Infrastructure\BenchmarkFigures.Infrastructure.csproj", "{D4CA15C6-6E22-4E35-A33C-82FF5F497321}"
EndProject
Project("{9A19103F-16F7-4668-BE54-9A1E7A4F7556}") = "BenchmarkFigures.Domain", "BenchmarkFigures.Domain\BenchmarkFigures.Domain.csproj", "{FE2D3741-CC96-4041-A28F-3E2D7508E1F3}"
EndProject
Project("{FAE04EC0-301F-11D3-BF4B-00C04F79EFBC}") = "BenchmarkFigures.DomainServicesTests", "BenchmarkFigures.DomainServicesTests\BenchmarkFigures.DomainServicesTests.csproj", "{92FA6834-84D0-4DE1-8D6B-580B1F44085D}"
EndProject
Global
	GlobalSection(SolutionConfigurationPlatforms) = preSolution
		Debug|Any CPU = Debug|Any CPU
		Release|Any CPU = Release|Any CPU
	EndGlobalSection
	GlobalSection(ProjectConfigurationPlatforms) = postSolution
		{CC1BEFAB-C504-4DC9-AEB3-83AAF2FC40BC}.Debug|Any CPU.ActiveCfg = Debug|Any CPU
		{CC1BEFAB-C504-4DC9-AEB3-83AAF2FC40BC}.Debug|Any CPU.Build.0 = Debug|Any CPU
		{CC1BEFAB-C504-4DC9-AEB3-83AAF2FC40BC}.Release|Any CPU.ActiveCfg = Release|Any CPU
		{CC1BEFAB-C504-4DC9-AEB3-83AAF2FC40BC}.Release|Any CPU.Build.0 = Release|Any CPU
		{2D2ADF1D-80C3-4012-973F-72911EAE3032}.Debug|Any CPU.ActiveCfg = Debug|Any CPU
		{2D2ADF1D-80C3-4012-973F-72911EAE3032}.Debug|Any CPU.Build.0 = Debug|Any CPU
		{2D2ADF1D-80C3-4012-973F-72911EAE3032}.Release|Any CPU.ActiveCfg = Release|Any CPU
		{2D2ADF1D-80C3-4012-973F-72911EAE3032}.Release|Any CPU.Build.0 = Release|Any CPU
		{D4CA15C6-6E22-4E35-A33C-82FF5F497321}.Debug|Any CPU.ActiveCfg = Debug|Any CPU
		{D4CA15C6-6E22-4E35-A33C-82FF5F497321}.Debug|Any CPU.Build.0 = Debug|Any CPU
		{D4CA15C6-6E22-4E35-A33C-82FF5F497321}.Release|Any CPU.ActiveCfg = Release|Any CPU
		{D4CA15C6-6E22-4E35-A33C-82FF5F497321}.Release|Any CPU.Build.0 = Release|Any CPU
		{FE2D3741-CC96-4041-A28F-3E2D7508E1F3}.Debug|Any CPU.ActiveCfg = Debug|Any CPU
		{FE2D3741-CC96-4041-A28F-3E2D7508E1F3}.Debug|Any CPU.Build.0 = Debug|Any CPU
		{FE2D3741-CC96-4041-A28F-3E2D7508E1F3}.Release|Any CPU.ActiveCfg = Release|Any CPU
		{FE2D3741-CC96-4041-A28F-3E2D7508E1F3}.Release|Any CPU.Build.0 = Release|Any CPU
		{92FA6834-84D0-4DE1-8D6B-580B1F44085D}.Debug|Any CPU.ActiveCfg = Debug|Any CPU
		{92FA6834-84D0-4DE1-8D6B-580B1F44085D}.Debug|Any CPU.Build.0 = Debug|Any CPU
		{92FA6834-84D0-4DE1-8D6B-580B1F44085D}.Release|Any CPU.ActiveCfg = Release|Any CPU
		{92FA6834-84D0-4DE1-8D6B-580B1F44085D}.Release|Any CPU.Build.0 = Release|Any CPU
	EndGlobalSection
	GlobalSection(SolutionProperties) = preSolution
		HideSolutionNode = FALSE
	EndGlobalSection
	GlobalSection(ExtensibilityGlobals) = postSolution
		SolutionGuid = {3E58F4F8-6CDF-4981-85D4-0D273B59ABC2}
	EndGlobalSection
EndGlobal
